
Microsoft Visual Studio Solution File, Format Version 12.00
# Visual Studio Version 17
VisualStudioVersion = 17.6.33829.357
MinimumVisualStudioVersion = 10.0.40219.1
Project("{FAE04EC0-301F-11D3-BF4B-00C04F79EFBC}") = "Ram", "Ram.csproj", "{9CEF36F9-C96C-46FD-9D62-F62B4D9B6C3E}"
EndProject
Global
	GlobalSection(SolutionConfigurationPlatforms) = preSolution
		Debug|Any CPU = Debug|Any CPU
		Release|Any CPU = Release|Any CPU
	EndGlobalSection
	GlobalSection(ProjectConfigurationPlatforms) = postSolution
		{9CEF36F9-C96C-46FD-9D62-F62B4D9B6C3E}.Debug|Any CPU.ActiveCfg = Release|Any CPU
		{9CEF36F9-C96C-46FD-9D62-F62B4D9B6C3E}.Debug|Any CPU.Build.0 = Release|Any CPU
		{9CEF36F9-C96C-46FD-9D62-F62B4D9B6C3E}.Release|Any CPU.ActiveCfg = Release|Any CPU
		{9CEF36F9-C96C-46FD-9D62-F62B4D9B6C3E}.Release|Any CPU.Build.0 = Release|Any CPU
	EndGlobalSection
	GlobalSection(SolutionProperties) = preSolution
		HideSolutionNode = FALSE
	EndGlobalSection
	GlobalSection(ExtensibilityGlobals) = postSolution
		SolutionGuid = {2EEF8CF5-694E-46A3-B03A-629C591492A8}
	EndGlobalSection
EndGlobal
